// !$*UTF8*$!
{
	archiveVersion = 1;
	classes = {
	};
	objectVersion = 50;
	objects = {

/* Begin PBXBuildFile section */
		509B163725BB320900E20518 /* AppDelegate.swift in Sources */ = {isa = PBXBuildFile; fileRef = 509B163625BB320900E20518 /* AppDelegate.swift */; };
		509B164125BB320900E20518 /* bikeFinder.xcdatamodeld in Sources */ = {isa = PBXBuildFile; fileRef = 509B163F25BB320900E20518 /* bikeFinder.xcdatamodeld */; };
		509B164325BB321000E20518 /* Assets.xcassets in Resources */ = {isa = PBXBuildFile; fileRef = 509B164225BB321000E20518 /* Assets.xcassets */; };
		509B164625BB321000E20518 /* LaunchScreen.storyboard in Resources */ = {isa = PBXBuildFile; fileRef = 509B164425BB321000E20518 /* LaunchScreen.storyboard */; };
		509B165525BB32CB00E20518 /* HomeViewController.swift in Sources */ = {isa = PBXBuildFile; fileRef = 509B165425BB32CB00E20518 /* HomeViewController.swift */; };
		509B165825BB32EA00E20518 /* HomeViewModel.swift in Sources */ = {isa = PBXBuildFile; fileRef = 509B165725BB32EA00E20518 /* HomeViewModel.swift */; };
		509B166F25BB342600E20518 /* UIView+Extensions.swift in Sources */ = {isa = PBXBuildFile; fileRef = 509B166E25BB342600E20518 /* UIView+Extensions.swift */; };
		509B167325BB344B00E20518 /* NetworkTableViewCell.swift in Sources */ = {isa = PBXBuildFile; fileRef = 509B167225BB344B00E20518 /* NetworkTableViewCell.swift */; };
		50E4CC1F25BB89F9007B320D /* NetworkingService.swift in Sources */ = {isa = PBXBuildFile; fileRef = 50E4CC1E25BB89F9007B320D /* NetworkingService.swift */; };
		50E4CC2225BB8BA1007B320D /* PersistenceService.swift in Sources */ = {isa = PBXBuildFile; fileRef = 50E4CC2125BB8BA1007B320D /* PersistenceService.swift */; };
		50E4CC6A25BBDBEE007B320D /* DataStore.swift in Sources */ = {isa = PBXBuildFile; fileRef = 50E4CC6925BBDBEE007B320D /* DataStore.swift */; };
		50E4CC6D25BBDCF4007B320D /* Endpoint.swift in Sources */ = {isa = PBXBuildFile; fileRef = 50E4CC6C25BBDCF4007B320D /* Endpoint.swift */; };
/* End PBXBuildFile section */

/* Begin PBXFileReference section */
		509B163325BB320900E20518 /* bikeFinder.app */ = {isa = PBXFileReference; explicitFileType = wrapper.application; includeInIndex = 0; path = bikeFinder.app; sourceTree = BUILT_PRODUCTS_DIR; };
		509B163625BB320900E20518 /* AppDelegate.swift */ = {isa = PBXFileReference; lastKnownFileType = sourcecode.swift; path = AppDelegate.swift; sourceTree = "<group>"; };
		509B164025BB320900E20518 /* bikeFinder.xcdatamodel */ = {isa = PBXFileReference; lastKnownFileType = wrapper.xcdatamodel; path = bikeFinder.xcdatamodel; sourceTree = "<group>"; };
		509B164225BB321000E20518 /* Assets.xcassets */ = {isa = PBXFileReference; lastKnownFileType = folder.assetcatalog; path = Assets.xcassets; sourceTree = "<group>"; };
		509B164525BB321000E20518 /* Base */ = {isa = PBXFileReference; lastKnownFileType = file.storyboard; name = Base; path = Base.lproj/LaunchScreen.storyboard; sourceTree = "<group>"; };
		509B164725BB321000E20518 /* Info.plist */ = {isa = PBXFileReference; lastKnownFileType = text.plist.xml; path = Info.plist; sourceTree = "<group>"; };
		509B165425BB32CB00E20518 /* HomeViewController.swift */ = {isa = PBXFileReference; lastKnownFileType = sourcecode.swift; path = HomeViewController.swift; sourceTree = "<group>"; };
		509B165725BB32EA00E20518 /* HomeViewModel.swift */ = {isa = PBXFileReference; lastKnownFileType = sourcecode.swift; path = HomeViewModel.swift; sourceTree = "<group>"; };
		509B166E25BB342600E20518 /* UIView+Extensions.swift */ = {isa = PBXFileReference; lastKnownFileType = sourcecode.swift; path = "UIView+Extensions.swift"; sourceTree = "<group>"; };
		509B167225BB344B00E20518 /* NetworkTableViewCell.swift */ = {isa = PBXFileReference; lastKnownFileType = sourcecode.swift; path = NetworkTableViewCell.swift; sourceTree = "<group>"; };
		50E4CC1E25BB89F9007B320D /* NetworkingService.swift */ = {isa = PBXFileReference; lastKnownFileType = sourcecode.swift; path = NetworkingService.swift; sourceTree = "<group>"; };
		50E4CC2125BB8BA1007B320D /* PersistenceService.swift */ = {isa = PBXFileReference; lastKnownFileType = sourcecode.swift; path = PersistenceService.swift; sourceTree = "<group>"; };
		50E4CC6925BBDBEE007B320D /* DataStore.swift */ = {isa = PBXFileReference; lastKnownFileType = sourcecode.swift; path = DataStore.swift; sourceTree = "<group>"; };
		50E4CC6C25BBDCF4007B320D /* Endpoint.swift */ = {isa = PBXFileReference; lastKnownFileType = sourcecode.swift; path = Endpoint.swift; sourceTree = "<group>"; };
/* End PBXFileReference section */

/* Begin PBXFrameworksBuildPhase section */
		509B163025BB320900E20518 /* Frameworks */ = {
			isa = PBXFrameworksBuildPhase;
			buildActionMask = 2147483647;
			files = (
			);
			runOnlyForDeploymentPostprocessing = 0;
		};
/* End PBXFrameworksBuildPhase section */

/* Begin PBXGroup section */
		509B162A25BB320900E20518 = {
			isa = PBXGroup;
			children = (
				509B163525BB320900E20518 /* bikeFinder */,
				509B163425BB320900E20518 /* Products */,
			);
			sourceTree = "<group>";
		};
		509B163425BB320900E20518 /* Products */ = {
			isa = PBXGroup;
			children = (
				509B163325BB320900E20518 /* bikeFinder.app */,
			);
			name = Products;
			sourceTree = "<group>";
		};
		509B163525BB320900E20518 /* bikeFinder */ = {
			isa = PBXGroup;
			children = (
				509B165225BB326300E20518 /* Components */,
				509B165025BB325100E20518 /* Models */,
				509B165125BB325800E20518 /* Features */,
				509B164F25BB324800E20518 /* Services */,
				509B165325BB326B00E20518 /* Extensions */,
				509B163625BB320900E20518 /* AppDelegate.swift */,
				509B164225BB321000E20518 /* Assets.xcassets */,
				509B164425BB321000E20518 /* LaunchScreen.storyboard */,
				509B164725BB321000E20518 /* Info.plist */,
				509B163F25BB320900E20518 /* bikeFinder.xcdatamodeld */,
			);
			path = bikeFinder;
			sourceTree = "<group>";
		};
		509B164F25BB324800E20518 /* Services */ = {
			isa = PBXGroup;
			children = (
				50E4CC1E25BB89F9007B320D /* NetworkingService.swift */,
				50E4CC2125BB8BA1007B320D /* PersistenceService.swift */,
				50E4CC6925BBDBEE007B320D /* DataStore.swift */,
				50E4CC6C25BBDCF4007B320D /* Endpoint.swift */,
			);
			path = Services;
			sourceTree = "<group>";
		};
		509B165025BB325100E20518 /* Models */ = {
			isa = PBXGroup;
			children = (
				50B43B3025BB6B1D00999345 /* BikeNetwork */,
			);
			path = Models;
			sourceTree = "<group>";
		};
		509B165125BB325800E20518 /* Features */ = {
			isa = PBXGroup;
			children = (
				509B165425BB32CB00E20518 /* HomeViewController.swift */,
				509B165725BB32EA00E20518 /* HomeViewModel.swift */,
			);
			path = Features;
			sourceTree = "<group>";
		};
		509B165225BB326300E20518 /* Components */ = {
			isa = PBXGroup;
			children = (
				509B167125BB343700E20518 /* Cells */,
			);
			path = Components;
			sourceTree = "<group>";
		};
		509B165325BB326B00E20518 /* Extensions */ = {
			isa = PBXGroup;
			children = (
				509B166E25BB342600E20518 /* UIView+Extensions.swift */,
			);
			path = Extensions;
			sourceTree = "<group>";
		};
		509B167125BB343700E20518 /* Cells */ = {
			isa = PBXGroup;
			children = (
				509B167225BB344B00E20518 /* NetworkTableViewCell.swift */,
			);
			path = Cells;
			sourceTree = "<group>";
		};
		50B43B3025BB6B1D00999345 /* BikeNetwork */ = {
			isa = PBXGroup;
			children = (
			);
			path = BikeNetwork;
			sourceTree = "<group>";
		};
/* End PBXGroup section */

/* Begin PBXNativeTarget section */
		509B163225BB320900E20518 /* bikeFinder */ = {
			isa = PBXNativeTarget;
			buildConfigurationList = 509B164A25BB321000E20518 /* Build configuration list for PBXNativeTarget "bikeFinder" */;
			buildPhases = (
				509B162F25BB320900E20518 /* Sources */,
				509B163025BB320900E20518 /* Frameworks */,
				509B163125BB320900E20518 /* Resources */,
			);
			buildRules = (
			);
			dependencies = (
			);
			name = bikeFinder;
			productName = bikeFinder;
			productReference = 509B163325BB320900E20518 /* bikeFinder.app */;
			productType = "com.apple.product-type.application";
		};
/* End PBXNativeTarget section */

/* Begin PBXProject section */
		509B162B25BB320900E20518 /* Project object */ = {
			isa = PBXProject;
			attributes = {
				LastSwiftUpdateCheck = 1230;
				LastUpgradeCheck = 1230;
				TargetAttributes = {
					509B163225BB320900E20518 = {
						CreatedOnToolsVersion = 12.3;
					};
				};
			};
			buildConfigurationList = 509B162E25BB320900E20518 /* Build configuration list for PBXProject "bikeFinder" */;
			compatibilityVersion = "Xcode 9.3";
			developmentRegion = en;
			hasScannedForEncodings = 0;
			knownRegions = (
				en,
				Base,
			);
			mainGroup = 509B162A25BB320900E20518;
			productRefGroup = 509B163425BB320900E20518 /* Products */;
			projectDirPath = "";
			projectRoot = "";
			targets = (
				509B163225BB320900E20518 /* bikeFinder */,
			);
		};
/* End PBXProject section */

/* Begin PBXResourcesBuildPhase section */
		509B163125BB320900E20518 /* Resources */ = {
			isa = PBXResourcesBuildPhase;
			buildActionMask = 2147483647;
			files = (
				509B164625BB321000E20518 /* LaunchScreen.storyboard in Resources */,
				509B164325BB321000E20518 /* Assets.xcassets in Resources */,
			);
			runOnlyForDeploymentPostprocessing = 0;
		};
/* End PBXResourcesBuildPhase section */

/* Begin PBXSourcesBuildPhase section */
		509B162F25BB320900E20518 /* Sources */ = {
			isa = PBXSourcesBuildPhase;
			buildActionMask = 2147483647;
			files = (
				50E4CC6D25BBDCF4007B320D /* Endpoint.swift in Sources */,
				509B163725BB320900E20518 /* AppDelegate.swift in Sources */,
				50E4CC6A25BBDBEE007B320D /* DataStore.swift in Sources */,
				509B164125BB320900E20518 /* bikeFinder.xcdatamodeld in Sources */,
				50E4CC2225BB8BA1007B320D /* PersistenceService.swift in Sources */,
				509B165825BB32EA00E20518 /* HomeViewModel.swift in Sources */,
				509B165525BB32CB00E20518 /* HomeViewController.swift in Sources */,
				509B167325BB344B00E20518 /* NetworkTableViewCell.swift in Sources */,
				50E4CC1F25BB89F9007B320D /* NetworkingService.swift in Sources */,
				509B166F25BB342600E20518 /* UIView+Extensions.swift in Sources */,
			);
			runOnlyForDeploymentPostprocessing = 0;
		};
/* End PBXSourcesBuildPhase section */

/* Begin PBXVariantGroup section */
		509B164425BB321000E20518 /* LaunchScreen.storyboard */ = {
			isa = PBXVariantGroup;
			children = (
				509B164525BB321000E20518 /* Base */,
			);
			name = LaunchScreen.storyboard;
			sourceTree = "<group>";
		};
/* End PBXVariantGroup section */

/* Begin XCBuildConfiguration section */
		509B164825BB321000E20518 /* Debug */ = {
			isa = XCBuildConfiguration;
			buildSettings = {
				ALWAYS_SEARCH_USER_PATHS = NO;
				CLANG_ANALYZER_NONNULL = YES;
				CLANG_ANALYZER_NUMBER_OBJECT_CONVERSION = YES_AGGRESSIVE;
				CLANG_CXX_LANGUAGE_STANDARD = "gnu++14";
				CLANG_CXX_LIBRARY = "libc++";
				CLANG_ENABLE_MODULES = YES;
				CLANG_ENABLE_OBJC_ARC = YES;
				CLANG_ENABLE_OBJC_WEAK = YES;
				CLANG_WARN_BLOCK_CAPTURE_AUTORELEASING = YES;
				CLANG_WARN_BOOL_CONVERSION = YES;
				CLANG_WARN_COMMA = YES;
				CLANG_WARN_CONSTANT_CONVERSION = YES;
				CLANG_WARN_DEPRECATED_OBJC_IMPLEMENTATIONS = YES;
				CLANG_WARN_DIRECT_OBJC_ISA_USAGE = YES_ERROR;
				CLANG_WARN_DOCUMENTATION_COMMENTS = YES;
				CLANG_WARN_EMPTY_BODY = YES;
				CLANG_WARN_ENUM_CONVERSION = YES;
				CLANG_WARN_INFINITE_RECURSION = YES;
				CLANG_WARN_INT_CONVERSION = YES;
				CLANG_WARN_NON_LITERAL_NULL_CONVERSION = YES;
				CLANG_WARN_OBJC_IMPLICIT_RETAIN_SELF = YES;
				CLANG_WARN_OBJC_LITERAL_CONVERSION = YES;
				CLANG_WARN_OBJC_ROOT_CLASS = YES_ERROR;
				CLANG_WARN_QUOTED_INCLUDE_IN_FRAMEWORK_HEADER = YES;
				CLANG_WARN_RANGE_LOOP_ANALYSIS = YES;
				CLANG_WARN_STRICT_PROTOTYPES = YES;
				CLANG_WARN_SUSPICIOUS_MOVE = YES;
				CLANG_WARN_UNGUARDED_AVAILABILITY = YES_AGGRESSIVE;
				CLANG_WARN_UNREACHABLE_CODE = YES;
				CLANG_WARN__DUPLICATE_METHOD_MATCH = YES;
				COPY_PHASE_STRIP = NO;
				DEBUG_INFORMATION_FORMAT = dwarf;
				ENABLE_STRICT_OBJC_MSGSEND = YES;
				ENABLE_TESTABILITY = YES;
				GCC_C_LANGUAGE_STANDARD = gnu11;
				GCC_DYNAMIC_NO_PIC = NO;
				GCC_NO_COMMON_BLOCKS = YES;
				GCC_OPTIMIZATION_LEVEL = 0;
				GCC_PREPROCESSOR_DEFINITIONS = (
					"DEBUG=1",
					"$(inherited)",
				);
				GCC_WARN_64_TO_32_BIT_CONVERSION = YES;
				GCC_WARN_ABOUT_RETURN_TYPE = YES_ERROR;
				GCC_WARN_UNDECLARED_SELECTOR = YES;
				GCC_WARN_UNINITIALIZED_AUTOS = YES_AGGRESSIVE;
				GCC_WARN_UNUSED_FUNCTION = YES;
				GCC_WARN_UNUSED_VARIABLE = YES;
				IPHONEOS_DEPLOYMENT_TARGET = 14.3;
				MTL_ENABLE_DEBUG_INFO = INCLUDE_SOURCE;
				MTL_FAST_MATH = YES;
				ONLY_ACTIVE_ARCH = YES;
				SDKROOT = iphoneos;
				SWIFT_ACTIVE_COMPILATION_CONDITIONS = DEBUG;
				SWIFT_OPTIMIZATION_LEVEL = "-Onone";
			};
			name = Debug;
		};
		509B164925BB321000E20518 /* Release */ = {
			isa = XCBuildConfiguration;
			buildSettings = {
				ALWAYS_SEARCH_USER_PATHS = NO;
				CLANG_ANALYZER_NONNULL = YES;
				CLANG_ANALYZER_NUMBER_OBJECT_CONVERSION = YES_AGGRESSIVE;
				CLANG_CXX_LANGUAGE_STANDARD = "gnu++14";
				CLANG_CXX_LIBRARY = "libc++";
				CLANG_ENABLE_MODULES = YES;
				CLANG_ENABLE_OBJC_ARC = YES;
				CLANG_ENABLE_OBJC_WEAK = YES;
				CLANG_WARN_BLOCK_CAPTURE_AUTORELEASING = YES;
				CLANG_WARN_BOOL_CONVERSION = YES;
				CLANG_WARN_COMMA = YES;
				CLANG_WARN_CONSTANT_CONVERSION = YES;
				CLANG_WARN_DEPRECATED_OBJC_IMPLEMENTATIONS = YES;
				CLANG_WARN_DIRECT_OBJC_ISA_USAGE = YES_ERROR;
				CLANG_WARN_DOCUMENTATION_COMMENTS = YES;
				CLANG_WARN_EMPTY_BODY = YES;
				CLANG_WARN_ENUM_CONVERSION = YES;
				CLANG_WARN_INFINITE_RECURSION = YES;
				CLANG_WARN_INT_CONVERSION = YES;
				CLANG_WARN_NON_LITERAL_NULL_CONVERSION = YES;
				CLANG_WARN_OBJC_IMPLICIT_RETAIN_SELF = YES;
				CLANG_WARN_OBJC_LITERAL_CONVERSION = YES;
				CLANG_WARN_OBJC_ROOT_CLASS = YES_ERROR;
				CLANG_WARN_QUOTED_INCLUDE_IN_FRAMEWORK_HEADER = YES;
				CLANG_WARN_RANGE_LOOP_ANALYSIS = YES;
				CLANG_WARN_STRICT_PROTOTYPES = YES;
				CLANG_WARN_SUSPICIOUS_MOVE = YES;
				CLANG_WARN_UNGUARDED_AVAILABILITY = YES_AGGRESSIVE;
				CLANG_WARN_UNREACHABLE_CODE = YES;
				CLANG_WARN__DUPLICATE_METHOD_MATCH = YES;
				COPY_PHASE_STRIP = NO;
				DEBUG_INFORMATION_FORMAT = "dwarf-with-dsym";
				ENABLE_NS_ASSERTIONS = NO;
				ENABLE_STRICT_OBJC_MSGSEND = YES;
				GCC_C_LANGUAGE_STANDARD = gnu11;
				GCC_NO_COMMON_BLOCKS = YES;
				GCC_WARN_64_TO_32_BIT_CONVERSION = YES;
				GCC_WARN_ABOUT_RETURN_TYPE = YES_ERROR;
				GCC_WARN_UNDECLARED_SELECTOR = YES;
				GCC_WARN_UNINITIALIZED_AUTOS = YES_AGGRESSIVE;
				GCC_WARN_UNUSED_FUNCTION = YES;
				GCC_WARN_UNUSED_VARIABLE = YES;
				IPHONEOS_DEPLOYMENT_TARGET = 14.3;
				MTL_ENABLE_DEBUG_INFO = NO;
				MTL_FAST_MATH = YES;
				SDKROOT = iphoneos;
				SWIFT_COMPILATION_MODE = wholemodule;
				SWIFT_OPTIMIZATION_LEVEL = "-O";
				VALIDATE_PRODUCT = YES;
			};
			name = Release;
		};
		509B164B25BB321000E20518 /* Debug */ = {
			isa = XCBuildConfiguration;
			buildSettings = {
				ASSETCATALOG_COMPILER_APPICON_NAME = AppIcon;
				ASSETCATALOG_COMPILER_GLOBAL_ACCENT_COLOR_NAME = AccentColor;
				CODE_SIGN_STYLE = Automatic;
				DEVELOPMENT_TEAM = 676FZT3DLA;
				INFOPLIST_FILE = bikeFinder/Info.plist;
				LD_RUNPATH_SEARCH_PATHS = (
					"$(inherited)",
					"@executable_path/Frameworks",
				);
				PRODUCT_BUNDLE_IDENTIFIER = lanefaison.bikeFinder;
				PRODUCT_NAME = "$(TARGET_NAME)";
				SWIFT_VERSION = 5.0;
				TARGETED_DEVICE_FAMILY = "1,2";
			};
			name = Debug;
		};
		509B164C25BB321000E20518 /* Release */ = {
			isa = XCBuildConfiguration;
			buildSettings = {
				ASSETCATALOG_COMPILER_APPICON_NAME = AppIcon;
				ASSETCATALOG_COMPILER_GLOBAL_ACCENT_COLOR_NAME = AccentColor;
				CODE_SIGN_STYLE = Automatic;
				DEVELOPMENT_TEAM = 676FZT3DLA;
				INFOPLIST_FILE = bikeFinder/Info.plist;
				LD_RUNPATH_SEARCH_PATHS = (
					"$(inherited)",
					"@executable_path/Frameworks",
				);
				PRODUCT_BUNDLE_IDENTIFIER = lanefaison.bikeFinder;
				PRODUCT_NAME = "$(TARGET_NAME)";
				SWIFT_VERSION = 5.0;
				TARGETED_DEVICE_FAMILY = "1,2";
			};
			name = Release;
		};
/* End XCBuildConfiguration section */

/* Begin XCConfigurationList section */
		509B162E25BB320900E20518 /* Build configuration list for PBXProject "bikeFinder" */ = {
			isa = XCConfigurationList;
			buildConfigurations = (
				509B164825BB321000E20518 /* Debug */,
				509B164925BB321000E20518 /* Release */,
			);
			defaultConfigurationIsVisible = 0;
			defaultConfigurationName = Release;
		};
		509B164A25BB321000E20518 /* Build configuration list for PBXNativeTarget "bikeFinder" */ = {
			isa = XCConfigurationList;
			buildConfigurations = (
				509B164B25BB321000E20518 /* Debug */,
				509B164C25BB321000E20518 /* Release */,
			);
			defaultConfigurationIsVisible = 0;
			defaultConfigurationName = Release;
		};
/* End XCConfigurationList section */

/* Begin XCVersionGroup section */
		509B163F25BB320900E20518 /* bikeFinder.xcdatamodeld */ = {
			isa = XCVersionGroup;
			children = (
				509B164025BB320900E20518 /* bikeFinder.xcdatamodel */,
			);
			currentVersion = 509B164025BB320900E20518 /* bikeFinder.xcdatamodel */;
			path = bikeFinder.xcdatamodeld;
			sourceTree = "<group>";
			versionGroupType = wrapper.xcdatamodel;
		};
/* End XCVersionGroup section */
	};
	rootObject = 509B162B25BB320900E20518 /* Project object */;
}
