// !$*UTF8*$!
{
	archiveVersion = 1;
	classes = {
	};
	objectVersion = 51;
	objects = {

/* Begin PBXBuildFile section */
		509B163725BB320900E20518 /* AppDelegate.swift in Sources */ = {isa = PBXBuildFile; fileRef = 509B163625BB320900E20518 /* AppDelegate.swift */; };
		509B164125BB320900E20518 /* bikeFinder.xcdatamodeld in Sources */ = {isa = PBXBuildFile; fileRef = 509B163F25BB320900E20518 /* bikeFinder.xcdatamodeld */; };
		509B164325BB321000E20518 /* Assets.xcassets in Resources */ = {isa = PBXBuildFile; fileRef = 509B164225BB321000E20518 /* Assets.xcassets */; };
		509B164625BB321000E20518 /* LaunchScreen.storyboard in Resources */ = {isa = PBXBuildFile; fileRef = 509B164425BB321000E20518 /* LaunchScreen.storyboard */; };
		509B165525BB32CB00E20518 /* HomeViewController.swift in Sources */ = {isa = PBXBuildFile; fileRef = 509B165425BB32CB00E20518 /* HomeViewController.swift */; };
		509B165825BB32EA00E20518 /* HomeViewModel.swift in Sources */ = {isa = PBXBuildFile; fileRef = 509B165725BB32EA00E20518 /* HomeViewModel.swift */; };
		509B166F25BB342600E20518 /* UIView+Extensions.swift in Sources */ = {isa = PBXBuildFile; fileRef = 509B166E25BB342600E20518 /* UIView+Extensions.swift */; };
		509B167325BB344B00E20518 /* CountryNetworksTableViewCell.swift in Sources */ = {isa = PBXBuildFile; fileRef = 509B167225BB344B00E20518 /* CountryNetworksTableViewCell.swift */; };
		50E4CC1F25BB89F9007B320D /* NetworkingService.swift in Sources */ = {isa = PBXBuildFile; fileRef = 50E4CC1E25BB89F9007B320D /* NetworkingService.swift */; };
		50E4CC2225BB8BA1007B320D /* PersistenceService.swift in Sources */ = {isa = PBXBuildFile; fileRef = 50E4CC2125BB8BA1007B320D /* PersistenceService.swift */; };
		50E4CC6A25BBDBEE007B320D /* DataStore.swift in Sources */ = {isa = PBXBuildFile; fileRef = 50E4CC6925BBDBEE007B320D /* DataStore.swift */; };
		50E4CC6D25BBDCF4007B320D /* Endpoint.swift in Sources */ = {isa = PBXBuildFile; fileRef = 50E4CC6C25BBDCF4007B320D /* Endpoint.swift */; };
		50E4CC7425BCF771007B320D /* NSAttributedStringTransformer.swift in Sources */ = {isa = PBXBuildFile; fileRef = 50E4CC7325BCF771007B320D /* NSAttributedStringTransformer.swift */; };
		50E4CCB125BE4557007B320D /* NetworkSection.swift in Sources */ = {isa = PBXBuildFile; fileRef = 50E4CCB025BE4557007B320D /* NetworkSection.swift */; };
		50E4CCC125BE9329007B320D /* NetworkCardCollectionViewCell.swift in Sources */ = {isa = PBXBuildFile; fileRef = 50E4CCBF25BE9329007B320D /* NetworkCardCollectionViewCell.swift */; };
		50E4CCC725BF5762007B320D /* UIColor+Extensions.swift in Sources */ = {isa = PBXBuildFile; fileRef = 50E4CCC625BF5762007B320D /* UIColor+Extensions.swift */; };
		50E4CCCB25BF5A6E007B320D /* AppFonts.swift in Sources */ = {isa = PBXBuildFile; fileRef = 50E4CCCA25BF5A6E007B320D /* AppFonts.swift */; };
		50E4CCD425BFDAD2007B320D /* AppColors.swift in Sources */ = {isa = PBXBuildFile; fileRef = 50E4CCD325BFDAD2007B320D /* AppColors.swift */; };
		50E4CCD725BFE1E6007B320D /* AppImages.swift in Sources */ = {isa = PBXBuildFile; fileRef = 50E4CCD625BFE1E6007B320D /* AppImages.swift */; };
		50E4CCE225C06EF3007B320D /* MapViewController.swift in Sources */ = {isa = PBXBuildFile; fileRef = 50E4CCE125C06EF3007B320D /* MapViewController.swift */; };
		50E4CCE625C06F05007B320D /* MapViewModel.swift in Sources */ = {isa = PBXBuildFile; fileRef = 50E4CCE525C06F05007B320D /* MapViewModel.swift */; };
		50E4CCE925C0701B007B320D /* NetworkLocation.swift in Sources */ = {isa = PBXBuildFile; fileRef = 50E4CCE825C0701B007B320D /* NetworkLocation.swift */; };
		50E4CCF125C088E8007B320D /* Toast.swift in Sources */ = {isa = PBXBuildFile; fileRef = 50E4CCF025C088E8007B320D /* Toast.swift */; };
		50E4CCFA25C0B6B1007B320D /* MapViewModelTests.swift in Sources */ = {isa = PBXBuildFile; fileRef = 50E4CCF925C0B6B1007B320D /* MapViewModelTests.swift */; };
		50E4CD0925C0B709007B320D /* HomeViewModelTests.swift in Sources */ = {isa = PBXBuildFile; fileRef = 50E4CD0825C0B709007B320D /* HomeViewModelTests.swift */; };
		50E4CD1F25C0E6BB007B320D /* String+Extensions.swift in Sources */ = {isa = PBXBuildFile; fileRef = 50E4CD1E25C0E6BB007B320D /* String+Extensions.swift */; };
		A8CA8A4159772109E76565AA /* Pods_bikeFinder.framework in Frameworks */ = {isa = PBXBuildFile; fileRef = 0328E75FE95A34E896D56325 /* Pods_bikeFinder.framework */; };
/* End PBXBuildFile section */

/* Begin PBXContainerItemProxy section */
		50E4CCFC25C0B6B1007B320D /* PBXContainerItemProxy */ = {
			isa = PBXContainerItemProxy;
			containerPortal = 509B162B25BB320900E20518 /* Project object */;
			proxyType = 1;
			remoteGlobalIDString = 509B163225BB320900E20518;
			remoteInfo = bikeFinder;
		};
/* End PBXContainerItemProxy section */

/* Begin PBXFileReference section */
		0328E75FE95A34E896D56325 /* Pods_bikeFinder.framework */ = {isa = PBXFileReference; explicitFileType = wrapper.framework; includeInIndex = 0; path = Pods_bikeFinder.framework; sourceTree = BUILT_PRODUCTS_DIR; };
		509B163325BB320900E20518 /* bikeFinder.app */ = {isa = PBXFileReference; explicitFileType = wrapper.application; includeInIndex = 0; path = bikeFinder.app; sourceTree = BUILT_PRODUCTS_DIR; };
		509B163625BB320900E20518 /* AppDelegate.swift */ = {isa = PBXFileReference; lastKnownFileType = sourcecode.swift; path = AppDelegate.swift; sourceTree = "<group>"; };
		509B164025BB320900E20518 /* bikeFinder.xcdatamodel */ = {isa = PBXFileReference; lastKnownFileType = wrapper.xcdatamodel; path = bikeFinder.xcdatamodel; sourceTree = "<group>"; };
		509B164225BB321000E20518 /* Assets.xcassets */ = {isa = PBXFileReference; lastKnownFileType = folder.assetcatalog; path = Assets.xcassets; sourceTree = "<group>"; };
		509B164525BB321000E20518 /* Base */ = {isa = PBXFileReference; lastKnownFileType = file.storyboard; name = Base; path = Base.lproj/LaunchScreen.storyboard; sourceTree = "<group>"; };
		509B164725BB321000E20518 /* Info.plist */ = {isa = PBXFileReference; lastKnownFileType = text.plist.xml; path = Info.plist; sourceTree = "<group>"; };
		509B165425BB32CB00E20518 /* HomeViewController.swift */ = {isa = PBXFileReference; lastKnownFileType = sourcecode.swift; path = HomeViewController.swift; sourceTree = "<group>"; };
		509B165725BB32EA00E20518 /* HomeViewModel.swift */ = {isa = PBXFileReference; lastKnownFileType = sourcecode.swift; path = HomeViewModel.swift; sourceTree = "<group>"; };
		509B166E25BB342600E20518 /* UIView+Extensions.swift */ = {isa = PBXFileReference; lastKnownFileType = sourcecode.swift; path = "UIView+Extensions.swift"; sourceTree = "<group>"; };
		509B167225BB344B00E20518 /* CountryNetworksTableViewCell.swift */ = {isa = PBXFileReference; lastKnownFileType = sourcecode.swift; path = CountryNetworksTableViewCell.swift; sourceTree = "<group>"; };
		50E4CC1E25BB89F9007B320D /* NetworkingService.swift */ = {isa = PBXFileReference; lastKnownFileType = sourcecode.swift; path = NetworkingService.swift; sourceTree = "<group>"; };
		50E4CC2125BB8BA1007B320D /* PersistenceService.swift */ = {isa = PBXFileReference; lastKnownFileType = sourcecode.swift; path = PersistenceService.swift; sourceTree = "<group>"; };
		50E4CC6925BBDBEE007B320D /* DataStore.swift */ = {isa = PBXFileReference; lastKnownFileType = sourcecode.swift; path = DataStore.swift; sourceTree = "<group>"; };
		50E4CC6C25BBDCF4007B320D /* Endpoint.swift */ = {isa = PBXFileReference; lastKnownFileType = sourcecode.swift; path = Endpoint.swift; sourceTree = "<group>"; };
		50E4CC7325BCF771007B320D /* NSAttributedStringTransformer.swift */ = {isa = PBXFileReference; lastKnownFileType = sourcecode.swift; path = NSAttributedStringTransformer.swift; sourceTree = "<group>"; };
		50E4CCB025BE4557007B320D /* NetworkSection.swift */ = {isa = PBXFileReference; lastKnownFileType = sourcecode.swift; path = NetworkSection.swift; sourceTree = "<group>"; };
		50E4CCBF25BE9329007B320D /* NetworkCardCollectionViewCell.swift */ = {isa = PBXFileReference; lastKnownFileType = sourcecode.swift; path = NetworkCardCollectionViewCell.swift; sourceTree = "<group>"; };
		50E4CCC625BF5762007B320D /* UIColor+Extensions.swift */ = {isa = PBXFileReference; lastKnownFileType = sourcecode.swift; path = "UIColor+Extensions.swift"; sourceTree = "<group>"; };
		50E4CCCA25BF5A6E007B320D /* AppFonts.swift */ = {isa = PBXFileReference; lastKnownFileType = sourcecode.swift; path = AppFonts.swift; sourceTree = "<group>"; };
		50E4CCD325BFDAD2007B320D /* AppColors.swift */ = {isa = PBXFileReference; lastKnownFileType = sourcecode.swift; path = AppColors.swift; sourceTree = "<group>"; };
		50E4CCD625BFE1E6007B320D /* AppImages.swift */ = {isa = PBXFileReference; lastKnownFileType = sourcecode.swift; path = AppImages.swift; sourceTree = "<group>"; };
		50E4CCE125C06EF3007B320D /* MapViewController.swift */ = {isa = PBXFileReference; lastKnownFileType = sourcecode.swift; path = MapViewController.swift; sourceTree = "<group>"; };
		50E4CCE525C06F05007B320D /* MapViewModel.swift */ = {isa = PBXFileReference; lastKnownFileType = sourcecode.swift; path = MapViewModel.swift; sourceTree = "<group>"; };
		50E4CCE825C0701B007B320D /* NetworkLocation.swift */ = {isa = PBXFileReference; lastKnownFileType = sourcecode.swift; path = NetworkLocation.swift; sourceTree = "<group>"; };
		50E4CCF025C088E8007B320D /* Toast.swift */ = {isa = PBXFileReference; lastKnownFileType = sourcecode.swift; path = Toast.swift; sourceTree = "<group>"; };
		50E4CCF725C0B6B1007B320D /* bikeFinderTests.xctest */ = {isa = PBXFileReference; explicitFileType = wrapper.cfbundle; includeInIndex = 0; path = bikeFinderTests.xctest; sourceTree = BUILT_PRODUCTS_DIR; };
		50E4CCF925C0B6B1007B320D /* MapViewModelTests.swift */ = {isa = PBXFileReference; lastKnownFileType = sourcecode.swift; path = MapViewModelTests.swift; sourceTree = "<group>"; };
		50E4CCFB25C0B6B1007B320D /* Info.plist */ = {isa = PBXFileReference; lastKnownFileType = text.plist.xml; path = Info.plist; sourceTree = "<group>"; };
		50E4CD0825C0B709007B320D /* HomeViewModelTests.swift */ = {isa = PBXFileReference; lastKnownFileType = sourcecode.swift; path = HomeViewModelTests.swift; sourceTree = "<group>"; };
		50E4CD1E25C0E6BB007B320D /* String+Extensions.swift */ = {isa = PBXFileReference; lastKnownFileType = sourcecode.swift; path = "String+Extensions.swift"; sourceTree = "<group>"; };
		55C17549FA7C7CECCE4ADBB5 /* Pods-bikeFinder.debug.xcconfig */ = {isa = PBXFileReference; includeInIndex = 1; lastKnownFileType = text.xcconfig; name = "Pods-bikeFinder.debug.xcconfig"; path = "Target Support Files/Pods-bikeFinder/Pods-bikeFinder.debug.xcconfig"; sourceTree = "<group>"; };
		D25701D9C8D5946E5BB46765 /* Pods-bikeFinder.release.xcconfig */ = {isa = PBXFileReference; includeInIndex = 1; lastKnownFileType = text.xcconfig; name = "Pods-bikeFinder.release.xcconfig"; path = "Target Support Files/Pods-bikeFinder/Pods-bikeFinder.release.xcconfig"; sourceTree = "<group>"; };
/* End PBXFileReference section */

/* Begin PBXFrameworksBuildPhase section */
		509B163025BB320900E20518 /* Frameworks */ = {
			isa = PBXFrameworksBuildPhase;
			buildActionMask = 2147483647;
			files = (
				A8CA8A4159772109E76565AA /* Pods_bikeFinder.framework in Frameworks */,
			);
			runOnlyForDeploymentPostprocessing = 0;
		};
		50E4CCF425C0B6B1007B320D /* Frameworks */ = {
			isa = PBXFrameworksBuildPhase;
			buildActionMask = 2147483647;
			files = (
			);
			runOnlyForDeploymentPostprocessing = 0;
		};
/* End PBXFrameworksBuildPhase section */

/* Begin PBXGroup section */
		2435A5C878D6F3E06682AD42 /* Pods */ = {
			isa = PBXGroup;
			children = (
				55C17549FA7C7CECCE4ADBB5 /* Pods-bikeFinder.debug.xcconfig */,
				D25701D9C8D5946E5BB46765 /* Pods-bikeFinder.release.xcconfig */,
			);
			path = Pods;
			sourceTree = "<group>";
		};
		509B162A25BB320900E20518 = {
			isa = PBXGroup;
			children = (
				509B163525BB320900E20518 /* bikeFinder */,
				50E4CCF825C0B6B1007B320D /* bikeFinderTests */,
				509B163425BB320900E20518 /* Products */,
				2435A5C878D6F3E06682AD42 /* Pods */,
				83264E9FDC3CAA9AE20767E6 /* Frameworks */,
			);
			sourceTree = "<group>";
		};
		509B163425BB320900E20518 /* Products */ = {
			isa = PBXGroup;
			children = (
				509B163325BB320900E20518 /* bikeFinder.app */,
				50E4CCF725C0B6B1007B320D /* bikeFinderTests.xctest */,
			);
			name = Products;
			sourceTree = "<group>";
		};
		509B163525BB320900E20518 /* bikeFinder */ = {
			isa = PBXGroup;
			children = (
				509B165225BB326300E20518 /* Components */,
				50E4CCC925BF5A60007B320D /* Design */,
				509B165325BB326B00E20518 /* Extensions */,
				509B165125BB325800E20518 /* Features */,
				509B165025BB325100E20518 /* Models */,
				509B164F25BB324800E20518 /* Services */,
				50E4CD2A25C12E53007B320D /* System */,
				509B164725BB321000E20518 /* Info.plist */,
			);
			path = bikeFinder;
			sourceTree = "<group>";
		};
		509B164F25BB324800E20518 /* Services */ = {
			isa = PBXGroup;
			children = (
				50E4CC1E25BB89F9007B320D /* NetworkingService.swift */,
				50E4CC2125BB8BA1007B320D /* PersistenceService.swift */,
				50E4CC6925BBDBEE007B320D /* DataStore.swift */,
				50E4CC6C25BBDCF4007B320D /* Endpoint.swift */,
			);
			path = Services;
			sourceTree = "<group>";
		};
		509B165025BB325100E20518 /* Models */ = {
			isa = PBXGroup;
			children = (
				50E4CCB025BE4557007B320D /* NetworkSection.swift */,
				50E4CCE825C0701B007B320D /* NetworkLocation.swift */,
			);
			path = Models;
			sourceTree = "<group>";
		};
		509B165125BB325800E20518 /* Features */ = {
			isa = PBXGroup;
			children = (
				509B164425BB321000E20518 /* LaunchScreen.storyboard */,
				50E4CCE025C06EE6007B320D /* Map */,
				50E4CCDE25C06EDE007B320D /* Home */,
			);
			path = Features;
			sourceTree = "<group>";
		};
		509B165225BB326300E20518 /* Components */ = {
			isa = PBXGroup;
			children = (
				50E4CCBA25BE9246007B320D /* CollectionView Cells */,
				509B167125BB343700E20518 /* TableView Cells */,
				50E4CCB725BE4E7A007B320D /* Views */,
			);
			path = Components;
			sourceTree = "<group>";
		};
		509B165325BB326B00E20518 /* Extensions */ = {
			isa = PBXGroup;
			children = (
				50E4CC7325BCF771007B320D /* NSAttributedStringTransformer.swift */,
				50E4CD1E25C0E6BB007B320D /* String+Extensions.swift */,
				50E4CCC625BF5762007B320D /* UIColor+Extensions.swift */,
				509B166E25BB342600E20518 /* UIView+Extensions.swift */,
			);
			path = Extensions;
			sourceTree = "<group>";
		};
		509B167125BB343700E20518 /* TableView Cells */ = {
			isa = PBXGroup;
			children = (
				509B167225BB344B00E20518 /* CountryNetworksTableViewCell.swift */,
			);
			path = "TableView Cells";
			sourceTree = "<group>";
		};
		50E4CCB725BE4E7A007B320D /* Views */ = {
			isa = PBXGroup;
			children = (
				50E4CCF025C088E8007B320D /* Toast.swift */,
			);
			path = Views;
			sourceTree = "<group>";
		};
		50E4CCBA25BE9246007B320D /* CollectionView Cells */ = {
			isa = PBXGroup;
			children = (
				50E4CCBF25BE9329007B320D /* NetworkCardCollectionViewCell.swift */,
			);
			path = "CollectionView Cells";
			sourceTree = "<group>";
		};
		50E4CCC925BF5A60007B320D /* Design */ = {
			isa = PBXGroup;
			children = (
				509B164225BB321000E20518 /* Assets.xcassets */,
				50E4CCD325BFDAD2007B320D /* AppColors.swift */,
				50E4CCCA25BF5A6E007B320D /* AppFonts.swift */,
				50E4CCD625BFE1E6007B320D /* AppImages.swift */,
			);
			path = Design;
			sourceTree = "<group>";
		};
		50E4CCDE25C06EDE007B320D /* Home */ = {
			isa = PBXGroup;
			children = (
				509B165425BB32CB00E20518 /* HomeViewController.swift */,
				509B165725BB32EA00E20518 /* HomeViewModel.swift */,
			);
			path = Home;
			sourceTree = "<group>";
		};
		50E4CCE025C06EE6007B320D /* Map */ = {
			isa = PBXGroup;
			children = (
				50E4CCE125C06EF3007B320D /* MapViewController.swift */,
				50E4CCE525C06F05007B320D /* MapViewModel.swift */,
			);
			path = Map;
			sourceTree = "<group>";
		};
		50E4CCF825C0B6B1007B320D /* bikeFinderTests */ = {
			isa = PBXGroup;
			children = (
				50E4CD0325C0B6C4007B320D /* Features */,
				50E4CCFB25C0B6B1007B320D /* Info.plist */,
			);
			path = bikeFinderTests;
			sourceTree = "<group>";
		};
		50E4CD0325C0B6C4007B320D /* Features */ = {
			isa = PBXGroup;
			children = (
				50E4CCF925C0B6B1007B320D /* MapViewModelTests.swift */,
				50E4CD0825C0B709007B320D /* HomeViewModelTests.swift */,
			);
			path = Features;
			sourceTree = "<group>";
		};
		50E4CD2A25C12E53007B320D /* System */ = {
			isa = PBXGroup;
			children = (
				509B163625BB320900E20518 /* AppDelegate.swift */,
				509B163F25BB320900E20518 /* bikeFinder.xcdatamodeld */,
			);
			path = System;
			sourceTree = "<group>";
		};
		83264E9FDC3CAA9AE20767E6 /* Frameworks */ = {
			isa = PBXGroup;
			children = (
				0328E75FE95A34E896D56325 /* Pods_bikeFinder.framework */,
			);
			name = Frameworks;
			sourceTree = "<group>";
		};
/* End PBXGroup section */

/* Begin PBXNativeTarget section */
		509B163225BB320900E20518 /* bikeFinder */ = {
			isa = PBXNativeTarget;
			buildConfigurationList = 509B164A25BB321000E20518 /* Build configuration list for PBXNativeTarget "bikeFinder" */;
			buildPhases = (
				524DE7DCC9D3F3A5C2D967DA /* [CP] Check Pods Manifest.lock */,
				509B162F25BB320900E20518 /* Sources */,
				509B163025BB320900E20518 /* Frameworks */,
				509B163125BB320900E20518 /* Resources */,
				F13A785846D07FCF59EC4545 /* [CP] Embed Pods Frameworks */,
			);
			buildRules = (
			);
			dependencies = (
			);
			name = bikeFinder;
			productName = bikeFinder;
			productReference = 509B163325BB320900E20518 /* bikeFinder.app */;
			productType = "com.apple.product-type.application";
		};
		50E4CCF625C0B6B1007B320D /* bikeFinderTests */ = {
			isa = PBXNativeTarget;
			buildConfigurationList = 50E4CCFE25C0B6B1007B320D /* Build configuration list for PBXNativeTarget "bikeFinderTests" */;
			buildPhases = (
				50E4CCF325C0B6B1007B320D /* Sources */,
				50E4CCF425C0B6B1007B320D /* Frameworks */,
				50E4CCF525C0B6B1007B320D /* Resources */,
			);
			buildRules = (
			);
			dependencies = (
				50E4CCFD25C0B6B1007B320D /* PBXTargetDependency */,
			);
			name = bikeFinderTests;
			productName = bikeFinderTests;
			productReference = 50E4CCF725C0B6B1007B320D /* bikeFinderTests.xctest */;
			productType = "com.apple.product-type.bundle.unit-test";
		};
/* End PBXNativeTarget section */

/* Begin PBXProject section */
		509B162B25BB320900E20518 /* Project object */ = {
			isa = PBXProject;
			attributes = {
				LastSwiftUpdateCheck = 1230;
				LastUpgradeCheck = 1230;
				TargetAttributes = {
					509B163225BB320900E20518 = {
						CreatedOnToolsVersion = 12.3;
					};
					50E4CCF625C0B6B1007B320D = {
						CreatedOnToolsVersion = 12.3;
						TestTargetID = 509B163225BB320900E20518;
					};
				};
			};
			buildConfigurationList = 509B162E25BB320900E20518 /* Build configuration list for PBXProject "bikeFinder" */;
			compatibilityVersion = "Xcode 9.3";
			developmentRegion = en;
			hasScannedForEncodings = 0;
			knownRegions = (
				en,
				Base,
			);
			mainGroup = 509B162A25BB320900E20518;
			productRefGroup = 509B163425BB320900E20518 /* Products */;
			projectDirPath = "";
			projectRoot = "";
			targets = (
				509B163225BB320900E20518 /* bikeFinder */,
				50E4CCF625C0B6B1007B320D /* bikeFinderTests */,
			);
		};
/* End PBXProject section */

/* Begin PBXResourcesBuildPhase section */
		509B163125BB320900E20518 /* Resources */ = {
			isa = PBXResourcesBuildPhase;
			buildActionMask = 2147483647;
			files = (
				509B164625BB321000E20518 /* LaunchScreen.storyboard in Resources */,
				509B164325BB321000E20518 /* Assets.xcassets in Resources */,
			);
			runOnlyForDeploymentPostprocessing = 0;
		};
		50E4CCF525C0B6B1007B320D /* Resources */ = {
			isa = PBXResourcesBuildPhase;
			buildActionMask = 2147483647;
			files = (
			);
			runOnlyForDeploymentPostprocessing = 0;
		};
/* End PBXResourcesBuildPhase section */

/* Begin PBXShellScriptBuildPhase section */
		524DE7DCC9D3F3A5C2D967DA /* [CP] Check Pods Manifest.lock */ = {
			isa = PBXShellScriptBuildPhase;
			buildActionMask = 2147483647;
			files = (
			);
			inputFileListPaths = (
			);
			inputPaths = (
				"${PODS_PODFILE_DIR_PATH}/Podfile.lock",
				"${PODS_ROOT}/Manifest.lock",
			);
			name = "[CP] Check Pods Manifest.lock";
			outputFileListPaths = (
			);
			outputPaths = (
				"$(DERIVED_FILE_DIR)/Pods-bikeFinder-checkManifestLockResult.txt",
			);
			runOnlyForDeploymentPostprocessing = 0;
			shellPath = /bin/sh;
			shellScript = "diff \"${PODS_PODFILE_DIR_PATH}/Podfile.lock\" \"${PODS_ROOT}/Manifest.lock\" > /dev/null\nif [ $? != 0 ] ; then\n    # print error to STDERR\n    echo \"error: The sandbox is not in sync with the Podfile.lock. Run 'pod install' or update your CocoaPods installation.\" >&2\n    exit 1\nfi\n# This output is used by Xcode 'outputs' to avoid re-running this script phase.\necho \"SUCCESS\" > \"${SCRIPT_OUTPUT_FILE_0}\"\n";
			showEnvVarsInLog = 0;
		};
		F13A785846D07FCF59EC4545 /* [CP] Embed Pods Frameworks */ = {
			isa = PBXShellScriptBuildPhase;
			buildActionMask = 2147483647;
			files = (
			);
			inputFileListPaths = (
				"${PODS_ROOT}/Target Support Files/Pods-bikeFinder/Pods-bikeFinder-frameworks-${CONFIGURATION}-input-files.xcfilelist",
			);
			name = "[CP] Embed Pods Frameworks";
			outputFileListPaths = (
				"${PODS_ROOT}/Target Support Files/Pods-bikeFinder/Pods-bikeFinder-frameworks-${CONFIGURATION}-output-files.xcfilelist",
			);
			runOnlyForDeploymentPostprocessing = 0;
			shellPath = /bin/sh;
			shellScript = "\"${PODS_ROOT}/Target Support Files/Pods-bikeFinder/Pods-bikeFinder-frameworks.sh\"\n";
			showEnvVarsInLog = 0;
		};
/* End PBXShellScriptBuildPhase section */

/* Begin PBXSourcesBuildPhase section */
		509B162F25BB320900E20518 /* Sources */ = {
			isa = PBXSourcesBuildPhase;
			buildActionMask = 2147483647;
			files = (
				50E4CCD725BFE1E6007B320D /* AppImages.swift in Sources */,
				50E4CC6D25BBDCF4007B320D /* Endpoint.swift in Sources */,
				509B163725BB320900E20518 /* AppDelegate.swift in Sources */,
				50E4CCB125BE4557007B320D /* NetworkSection.swift in Sources */,
				50E4CC6A25BBDBEE007B320D /* DataStore.swift in Sources */,
				509B164125BB320900E20518 /* bikeFinder.xcdatamodeld in Sources */,
				50E4CC2225BB8BA1007B320D /* PersistenceService.swift in Sources */,
				50E4CCCB25BF5A6E007B320D /* AppFonts.swift in Sources */,
				509B165825BB32EA00E20518 /* HomeViewModel.swift in Sources */,
				50E4CC7425BCF771007B320D /* NSAttributedStringTransformer.swift in Sources */,
				509B165525BB32CB00E20518 /* HomeViewController.swift in Sources */,
				50E4CCE625C06F05007B320D /* MapViewModel.swift in Sources */,
				50E4CD1F25C0E6BB007B320D /* String+Extensions.swift in Sources */,
				509B167325BB344B00E20518 /* CountryNetworksTableViewCell.swift in Sources */,
				50E4CCF125C088E8007B320D /* Toast.swift in Sources */,
				50E4CC1F25BB89F9007B320D /* NetworkingService.swift in Sources */,
				50E4CCE225C06EF3007B320D /* MapViewController.swift in Sources */,
				50E4CCC725BF5762007B320D /* UIColor+Extensions.swift in Sources */,
				50E4CCD425BFDAD2007B320D /* AppColors.swift in Sources */,
				509B166F25BB342600E20518 /* UIView+Extensions.swift in Sources */,
				50E4CCC125BE9329007B320D /* NetworkCardCollectionViewCell.swift in Sources */,
				50E4CCE925C0701B007B320D /* NetworkLocation.swift in Sources */,
			);
			runOnlyForDeploymentPostprocessing = 0;
		};
		50E4CCF325C0B6B1007B320D /* Sources */ = {
			isa = PBXSourcesBuildPhase;
			buildActionMask = 2147483647;
			files = (
				50E4CCFA25C0B6B1007B320D /* MapViewModelTests.swift in Sources */,
				50E4CD0925C0B709007B320D /* HomeViewModelTests.swift in Sources */,
			);
			runOnlyForDeploymentPostprocessing = 0;
		};
/* End PBXSourcesBuildPhase section */

/* Begin PBXTargetDependency section */
		50E4CCFD25C0B6B1007B320D /* PBXTargetDependency */ = {
			isa = PBXTargetDependency;
			target = 509B163225BB320900E20518 /* bikeFinder */;
			targetProxy = 50E4CCFC25C0B6B1007B320D /* PBXContainerItemProxy */;
		};
/* End PBXTargetDependency section */

/* Begin PBXVariantGroup section */
		509B164425BB321000E20518 /* LaunchScreen.storyboard */ = {
			isa = PBXVariantGroup;
			children = (
				509B164525BB321000E20518 /* Base */,
			);
			name = LaunchScreen.storyboard;
			sourceTree = "<group>";
		};
/* End PBXVariantGroup section */

/* Begin XCBuildConfiguration section */
		509B164825BB321000E20518 /* Debug */ = {
			isa = XCBuildConfiguration;
			buildSettings = {
				ALWAYS_SEARCH_USER_PATHS = NO;
				CLANG_ANALYZER_NONNULL = YES;
				CLANG_ANALYZER_NUMBER_OBJECT_CONVERSION = YES_AGGRESSIVE;
				CLANG_CXX_LANGUAGE_STANDARD = "gnu++14";
				CLANG_CXX_LIBRARY = "libc++";
				CLANG_ENABLE_MODULES = YES;
				CLANG_ENABLE_OBJC_ARC = YES;
				CLANG_ENABLE_OBJC_WEAK = YES;
				CLANG_WARN_BLOCK_CAPTURE_AUTORELEASING = YES;
				CLANG_WARN_BOOL_CONVERSION = YES;
				CLANG_WARN_COMMA = YES;
				CLANG_WARN_CONSTANT_CONVERSION = YES;
				CLANG_WARN_DEPRECATED_OBJC_IMPLEMENTATIONS = YES;
				CLANG_WARN_DIRECT_OBJC_ISA_USAGE = YES_ERROR;
				CLANG_WARN_DOCUMENTATION_COMMENTS = YES;
				CLANG_WARN_EMPTY_BODY = YES;
				CLANG_WARN_ENUM_CONVERSION = YES;
				CLANG_WARN_INFINITE_RECURSION = YES;
				CLANG_WARN_INT_CONVERSION = YES;
				CLANG_WARN_NON_LITERAL_NULL_CONVERSION = YES;
				CLANG_WARN_OBJC_IMPLICIT_RETAIN_SELF = YES;
				CLANG_WARN_OBJC_LITERAL_CONVERSION = YES;
				CLANG_WARN_OBJC_ROOT_CLASS = YES_ERROR;
				CLANG_WARN_QUOTED_INCLUDE_IN_FRAMEWORK_HEADER = YES;
				CLANG_WARN_RANGE_LOOP_ANALYSIS = YES;
				CLANG_WARN_STRICT_PROTOTYPES = YES;
				CLANG_WARN_SUSPICIOUS_MOVE = YES;
				CLANG_WARN_UNGUARDED_AVAILABILITY = YES_AGGRESSIVE;
				CLANG_WARN_UNREACHABLE_CODE = YES;
				CLANG_WARN__DUPLICATE_METHOD_MATCH = YES;
				COPY_PHASE_STRIP = NO;
				DEBUG_INFORMATION_FORMAT = dwarf;
				ENABLE_STRICT_OBJC_MSGSEND = YES;
				ENABLE_TESTABILITY = YES;
				GCC_C_LANGUAGE_STANDARD = gnu11;
				GCC_DYNAMIC_NO_PIC = NO;
				GCC_NO_COMMON_BLOCKS = YES;
				GCC_OPTIMIZATION_LEVEL = 0;
				GCC_PREPROCESSOR_DEFINITIONS = (
					"DEBUG=1",
					"$(inherited)",
				);
				GCC_WARN_64_TO_32_BIT_CONVERSION = YES;
				GCC_WARN_ABOUT_RETURN_TYPE = YES_ERROR;
				GCC_WARN_UNDECLARED_SELECTOR = YES;
				GCC_WARN_UNINITIALIZED_AUTOS = YES_AGGRESSIVE;
				GCC_WARN_UNUSED_FUNCTION = YES;
				GCC_WARN_UNUSED_VARIABLE = YES;
				IPHONEOS_DEPLOYMENT_TARGET = 14.3;
				MTL_ENABLE_DEBUG_INFO = INCLUDE_SOURCE;
				MTL_FAST_MATH = YES;
				ONLY_ACTIVE_ARCH = YES;
				SDKROOT = iphoneos;
				SWIFT_ACTIVE_COMPILATION_CONDITIONS = DEBUG;
				SWIFT_OPTIMIZATION_LEVEL = "-Onone";
			};
			name = Debug;
		};
		509B164925BB321000E20518 /* Release */ = {
			isa = XCBuildConfiguration;
			buildSettings = {
				ALWAYS_SEARCH_USER_PATHS = NO;
				CLANG_ANALYZER_NONNULL = YES;
				CLANG_ANALYZER_NUMBER_OBJECT_CONVERSION = YES_AGGRESSIVE;
				CLANG_CXX_LANGUAGE_STANDARD = "gnu++14";
				CLANG_CXX_LIBRARY = "libc++";
				CLANG_ENABLE_MODULES = YES;
				CLANG_ENABLE_OBJC_ARC = YES;
				CLANG_ENABLE_OBJC_WEAK = YES;
				CLANG_WARN_BLOCK_CAPTURE_AUTORELEASING = YES;
				CLANG_WARN_BOOL_CONVERSION = YES;
				CLANG_WARN_COMMA = YES;
				CLANG_WARN_CONSTANT_CONVERSION = YES;
				CLANG_WARN_DEPRECATED_OBJC_IMPLEMENTATIONS = YES;
				CLANG_WARN_DIRECT_OBJC_ISA_USAGE = YES_ERROR;
				CLANG_WARN_DOCUMENTATION_COMMENTS = YES;
				CLANG_WARN_EMPTY_BODY = YES;
				CLANG_WARN_ENUM_CONVERSION = YES;
				CLANG_WARN_INFINITE_RECURSION = YES;
				CLANG_WARN_INT_CONVERSION = YES;
				CLANG_WARN_NON_LITERAL_NULL_CONVERSION = YES;
				CLANG_WARN_OBJC_IMPLICIT_RETAIN_SELF = YES;
				CLANG_WARN_OBJC_LITERAL_CONVERSION = YES;
				CLANG_WARN_OBJC_ROOT_CLASS = YES_ERROR;
				CLANG_WARN_QUOTED_INCLUDE_IN_FRAMEWORK_HEADER = YES;
				CLANG_WARN_RANGE_LOOP_ANALYSIS = YES;
				CLANG_WARN_STRICT_PROTOTYPES = YES;
				CLANG_WARN_SUSPICIOUS_MOVE = YES;
				CLANG_WARN_UNGUARDED_AVAILABILITY = YES_AGGRESSIVE;
				CLANG_WARN_UNREACHABLE_CODE = YES;
				CLANG_WARN__DUPLICATE_METHOD_MATCH = YES;
				COPY_PHASE_STRIP = NO;
				DEBUG_INFORMATION_FORMAT = "dwarf-with-dsym";
				ENABLE_NS_ASSERTIONS = NO;
				ENABLE_STRICT_OBJC_MSGSEND = YES;
				GCC_C_LANGUAGE_STANDARD = gnu11;
				GCC_NO_COMMON_BLOCKS = YES;
				GCC_WARN_64_TO_32_BIT_CONVERSION = YES;
				GCC_WARN_ABOUT_RETURN_TYPE = YES_ERROR;
				GCC_WARN_UNDECLARED_SELECTOR = YES;
				GCC_WARN_UNINITIALIZED_AUTOS = YES_AGGRESSIVE;
				GCC_WARN_UNUSED_FUNCTION = YES;
				GCC_WARN_UNUSED_VARIABLE = YES;
				IPHONEOS_DEPLOYMENT_TARGET = 14.3;
				MTL_ENABLE_DEBUG_INFO = NO;
				MTL_FAST_MATH = YES;
				SDKROOT = iphoneos;
				SWIFT_COMPILATION_MODE = wholemodule;
				SWIFT_OPTIMIZATION_LEVEL = "-O";
				VALIDATE_PRODUCT = YES;
			};
			name = Release;
		};
		509B164B25BB321000E20518 /* Debug */ = {
			isa = XCBuildConfiguration;
			baseConfigurationReference = 55C17549FA7C7CECCE4ADBB5 /* Pods-bikeFinder.debug.xcconfig */;
			buildSettings = {
				ASSETCATALOG_COMPILER_APPICON_NAME = AppIcon;
				ASSETCATALOG_COMPILER_GLOBAL_ACCENT_COLOR_NAME = AccentColor;
				CODE_SIGN_STYLE = Automatic;
				DEVELOPMENT_TEAM = 676FZT3DLA;
				INFOPLIST_FILE = bikeFinder/Info.plist;
				LD_RUNPATH_SEARCH_PATHS = (
					"$(inherited)",
					"@executable_path/Frameworks",
				);
				PRODUCT_BUNDLE_IDENTIFIER = lanefaison.bikeFinder;
				PRODUCT_NAME = "$(TARGET_NAME)";
				SWIFT_VERSION = 5.0;
				TARGETED_DEVICE_FAMILY = "1,2";
			};
			name = Debug;
		};
		509B164C25BB321000E20518 /* Release */ = {
			isa = XCBuildConfiguration;
			baseConfigurationReference = D25701D9C8D5946E5BB46765 /* Pods-bikeFinder.release.xcconfig */;
			buildSettings = {
				ASSETCATALOG_COMPILER_APPICON_NAME = AppIcon;
				ASSETCATALOG_COMPILER_GLOBAL_ACCENT_COLOR_NAME = AccentColor;
				CODE_SIGN_STYLE = Automatic;
				DEVELOPMENT_TEAM = 676FZT3DLA;
				INFOPLIST_FILE = bikeFinder/Info.plist;
				LD_RUNPATH_SEARCH_PATHS = (
					"$(inherited)",
					"@executable_path/Frameworks",
				);
				PRODUCT_BUNDLE_IDENTIFIER = lanefaison.bikeFinder;
				PRODUCT_NAME = "$(TARGET_NAME)";
				SWIFT_VERSION = 5.0;
				TARGETED_DEVICE_FAMILY = "1,2";
			};
			name = Release;
		};
		50E4CCFF25C0B6B1007B320D /* Debug */ = {
			isa = XCBuildConfiguration;
			buildSettings = {
				BUNDLE_LOADER = "$(TEST_HOST)";
				CODE_SIGN_STYLE = Automatic;
				DEVELOPMENT_TEAM = 676FZT3DLA;
				INFOPLIST_FILE = bikeFinderTests/Info.plist;
				LD_RUNPATH_SEARCH_PATHS = (
					"$(inherited)",
					"@executable_path/Frameworks",
					"@loader_path/Frameworks",
				);
				PRODUCT_BUNDLE_IDENTIFIER = lanefaison.bikeFinderTests;
				PRODUCT_NAME = "$(TARGET_NAME)";
				SWIFT_VERSION = 5.0;
				TARGETED_DEVICE_FAMILY = "1,2";
				TEST_HOST = "$(BUILT_PRODUCTS_DIR)/bikeFinder.app/bikeFinder";
			};
			name = Debug;
		};
		50E4CD0025C0B6B1007B320D /* Release */ = {
			isa = XCBuildConfiguration;
			buildSettings = {
				BUNDLE_LOADER = "$(TEST_HOST)";
				CODE_SIGN_STYLE = Automatic;
				DEVELOPMENT_TEAM = 676FZT3DLA;
				INFOPLIST_FILE = bikeFinderTests/Info.plist;
				LD_RUNPATH_SEARCH_PATHS = (
					"$(inherited)",
					"@executable_path/Frameworks",
					"@loader_path/Frameworks",
				);
				PRODUCT_BUNDLE_IDENTIFIER = lanefaison.bikeFinderTests;
				PRODUCT_NAME = "$(TARGET_NAME)";
				SWIFT_VERSION = 5.0;
				TARGETED_DEVICE_FAMILY = "1,2";
				TEST_HOST = "$(BUILT_PRODUCTS_DIR)/bikeFinder.app/bikeFinder";
			};
			name = Release;
		};
/* End XCBuildConfiguration section */

/* Begin XCConfigurationList section */
		509B162E25BB320900E20518 /* Build configuration list for PBXProject "bikeFinder" */ = {
			isa = XCConfigurationList;
			buildConfigurations = (
				509B164825BB321000E20518 /* Debug */,
				509B164925BB321000E20518 /* Release */,
			);
			defaultConfigurationIsVisible = 0;
			defaultConfigurationName = Release;
		};
		509B164A25BB321000E20518 /* Build configuration list for PBXNativeTarget "bikeFinder" */ = {
			isa = XCConfigurationList;
			buildConfigurations = (
				509B164B25BB321000E20518 /* Debug */,
				509B164C25BB321000E20518 /* Release */,
			);
			defaultConfigurationIsVisible = 0;
			defaultConfigurationName = Release;
		};
		50E4CCFE25C0B6B1007B320D /* Build configuration list for PBXNativeTarget "bikeFinderTests" */ = {
			isa = XCConfigurationList;
			buildConfigurations = (
				50E4CCFF25C0B6B1007B320D /* Debug */,
				50E4CD0025C0B6B1007B320D /* Release */,
			);
			defaultConfigurationIsVisible = 0;
			defaultConfigurationName = Release;
		};
/* End XCConfigurationList section */

/* Begin XCVersionGroup section */
		509B163F25BB320900E20518 /* bikeFinder.xcdatamodeld */ = {
			isa = XCVersionGroup;
			children = (
				509B164025BB320900E20518 /* bikeFinder.xcdatamodel */,
			);
			currentVersion = 509B164025BB320900E20518 /* bikeFinder.xcdatamodel */;
			path = bikeFinder.xcdatamodeld;
			sourceTree = "<group>";
			versionGroupType = wrapper.xcdatamodel;
		};
/* End XCVersionGroup section */
	};
	rootObject = 509B162B25BB320900E20518 /* Project object */;
}
